// !$*UTF8*$!
{
	archiveVersion = 1;
	classes = {
	};
	objectVersion = 56;
	objects = {

/* Begin PBXBuildFile section */
		B71D74B72B50EE94008C1E4F /* Keejo Kesari Ke Laal.mp3 in Resources */ = {isa = PBXBuildFile; fileRef = B71D74B42B50EE93008C1E4F /* Keejo Kesari Ke Laal.mp3 */; };
		B71D74B82B50EE94008C1E4F /* Ram.mp3 in Resources */ = {isa = PBXBuildFile; fileRef = B71D74B52B50EE93008C1E4F /* Ram.mp3 */; };
		B71D74B92B50EE94008C1E4F /* Ram Siya Ram.mp3 in Resources */ = {isa = PBXBuildFile; fileRef = B71D74B62B50EE93008C1E4F /* Ram Siya Ram.mp3 */; };
		B71D74BB2B50EF28008C1E4F /* PlayMusicVC.swift in Sources */ = {isa = PBXBuildFile; fileRef = B71D74BA2B50EF28008C1E4F /* PlayMusicVC.swift */; };
		B71D74BF2B50F22A008C1E4F /* Jai Shree Ram.mp3 in Resources */ = {isa = PBXBuildFile; fileRef = B71D74BE2B50F22A008C1E4F /* Jai Shree Ram.mp3 */; };
		B72DA6402B3EE03300F085FC /* LoginVC.swift in Sources */ = {isa = PBXBuildFile; fileRef = B72DA63F2B3EE03300F085FC /* LoginVC.swift */; };
		B7AC8D682B3DAC5200AAF58B /* AppDelegate.swift in Sources */ = {isa = PBXBuildFile; fileRef = B7AC8D672B3DAC5200AAF58B /* AppDelegate.swift */; };
		B7AC8D6A2B3DAC5200AAF58B /* SceneDelegate.swift in Sources */ = {isa = PBXBuildFile; fileRef = B7AC8D692B3DAC5200AAF58B /* SceneDelegate.swift */; };
		B7AC8D6C2B3DAC5200AAF58B /* ViewController.swift in Sources */ = {isa = PBXBuildFile; fileRef = B7AC8D6B2B3DAC5200AAF58B /* ViewController.swift */; };
		B7AC8D6F2B3DAC5200AAF58B /* Main.storyboard in Resources */ = {isa = PBXBuildFile; fileRef = B7AC8D6D2B3DAC5200AAF58B /* Main.storyboard */; };
		B7AC8D712B3DAC5300AAF58B /* Assets.xcassets in Resources */ = {isa = PBXBuildFile; fileRef = B7AC8D702B3DAC5300AAF58B /* Assets.xcassets */; };
		B7AC8D742B3DAC5300AAF58B /* LaunchScreen.storyboard in Resources */ = {isa = PBXBuildFile; fileRef = B7AC8D722B3DAC5300AAF58B /* LaunchScreen.storyboard */; };
		B7AC8D7F2B3DAC5300AAF58B /* TestTests.swift in Sources */ = {isa = PBXBuildFile; fileRef = B7AC8D7E2B3DAC5300AAF58B /* TestTests.swift */; };
		B7AC8D892B3DAC5300AAF58B /* TestUITests.swift in Sources */ = {isa = PBXBuildFile; fileRef = B7AC8D882B3DAC5300AAF58B /* TestUITests.swift */; };
		B7AC8D8B2B3DAC5300AAF58B /* TestUITestsLaunchTests.swift in Sources */ = {isa = PBXBuildFile; fileRef = B7AC8D8A2B3DAC5300AAF58B /* TestUITestsLaunchTests.swift */; };
		B7AC8D9A2B3DB4E000AAF58B /* SignupVC.swift in Sources */ = {isa = PBXBuildFile; fileRef = B7AC8D992B3DB4E000AAF58B /* SignupVC.swift */; };
		B7AC8D9C2B3DB6E200AAF58B /* Home.swift in Sources */ = {isa = PBXBuildFile; fileRef = B7AC8D9B2B3DB6E200AAF58B /* Home.swift */; };
		B7DAAC142B514E98006ADE50 /* PlayVC.swift in Sources */ = {isa = PBXBuildFile; fileRef = B7DAAC132B514E98006ADE50 /* PlayVC.swift */; };
/* End PBXBuildFile section */

/* Begin PBXContainerItemProxy section */
		B7AC8D7B2B3DAC5300AAF58B /* PBXContainerItemProxy */ = {
			isa = PBXContainerItemProxy;
			containerPortal = B7AC8D5C2B3DAC5100AAF58B /* Project object */;
			proxyType = 1;
			remoteGlobalIDString = B7AC8D632B3DAC5200AAF58B;
			remoteInfo = Test;
		};
		B7AC8D852B3DAC5300AAF58B /* PBXContainerItemProxy */ = {
			isa = PBXContainerItemProxy;
			containerPortal = B7AC8D5C2B3DAC5100AAF58B /* Project object */;
			proxyType = 1;
			remoteGlobalIDString = B7AC8D632B3DAC5200AAF58B;
			remoteInfo = Test;
		};
/* End PBXContainerItemProxy section */

/* Begin PBXFileReference section */
		B71D74B42B50EE93008C1E4F /* Keejo Kesari Ke Laal.mp3 */ = {isa = PBXFileReference; lastKnownFileType = audio.mp3; path = "Keejo Kesari Ke Laal.mp3"; sourceTree = "<group>"; };
		B71D74B52B50EE93008C1E4F /* Ram.mp3 */ = {isa = PBXFileReference; lastKnownFileType = audio.mp3; path = Ram.mp3; sourceTree = "<group>"; };
		B71D74B62B50EE93008C1E4F /* Ram Siya Ram.mp3 */ = {isa = PBXFileReference; lastKnownFileType = audio.mp3; path = "Ram Siya Ram.mp3"; sourceTree = "<group>"; };
		B71D74BA2B50EF28008C1E4F /* PlayMusicVC.swift */ = {isa = PBXFileReference; lastKnownFileType = sourcecode.swift; path = PlayMusicVC.swift; sourceTree = "<group>"; };
		B71D74BE2B50F22A008C1E4F /* Jai Shree Ram.mp3 */ = {isa = PBXFileReference; lastKnownFileType = audio.mp3; path = "Jai Shree Ram.mp3"; sourceTree = "<group>"; };
		B72DA63F2B3EE03300F085FC /* LoginVC.swift */ = {isa = PBXFileReference; lastKnownFileType = sourcecode.swift; path = LoginVC.swift; sourceTree = "<group>"; };
		B7AC8D642B3DAC5200AAF58B /* Test.app */ = {isa = PBXFileReference; explicitFileType = wrapper.application; includeInIndex = 0; path = Test.app; sourceTree = BUILT_PRODUCTS_DIR; };
		B7AC8D672B3DAC5200AAF58B /* AppDelegate.swift */ = {isa = PBXFileReference; lastKnownFileType = sourcecode.swift; path = AppDelegate.swift; sourceTree = "<group>"; };
		B7AC8D692B3DAC5200AAF58B /* SceneDelegate.swift */ = {isa = PBXFileReference; lastKnownFileType = sourcecode.swift; path = SceneDelegate.swift; sourceTree = "<group>"; };
		B7AC8D6B2B3DAC5200AAF58B /* ViewController.swift */ = {isa = PBXFileReference; lastKnownFileType = sourcecode.swift; path = ViewController.swift; sourceTree = "<group>"; };
		B7AC8D6E2B3DAC5200AAF58B /* Base */ = {isa = PBXFileReference; lastKnownFileType = file.storyboard; name = Base; path = Base.lproj/Main.storyboard; sourceTree = "<group>"; };
		B7AC8D702B3DAC5300AAF58B /* Assets.xcassets */ = {isa = PBXFileReference; lastKnownFileType = folder.assetcatalog; path = Assets.xcassets; sourceTree = "<group>"; };
		B7AC8D732B3DAC5300AAF58B /* Base */ = {isa = PBXFileReference; lastKnownFileType = file.storyboard; name = Base; path = Base.lproj/LaunchScreen.storyboard; sourceTree = "<group>"; };
		B7AC8D752B3DAC5300AAF58B /* Info.plist */ = {isa = PBXFileReference; lastKnownFileType = text.plist.xml; path = Info.plist; sourceTree = "<group>"; };
		B7AC8D7A2B3DAC5300AAF58B /* TestTests.xctest */ = {isa = PBXFileReference; explicitFileType = wrapper.cfbundle; includeInIndex = 0; path = TestTests.xctest; sourceTree = BUILT_PRODUCTS_DIR; };
		B7AC8D7E2B3DAC5300AAF58B /* TestTests.swift */ = {isa = PBXFileReference; lastKnownFileType = sourcecode.swift; path = TestTests.swift; sourceTree = "<group>"; };
		B7AC8D842B3DAC5300AAF58B /* TestUITests.xctest */ = {isa = PBXFileReference; explicitFileType = wrapper.cfbundle; includeInIndex = 0; path = TestUITests.xctest; sourceTree = BUILT_PRODUCTS_DIR; };
		B7AC8D882B3DAC5300AAF58B /* TestUITests.swift */ = {isa = PBXFileReference; lastKnownFileType = sourcecode.swift; path = TestUITests.swift; sourceTree = "<group>"; };
		B7AC8D8A2B3DAC5300AAF58B /* TestUITestsLaunchTests.swift */ = {isa = PBXFileReference; lastKnownFileType = sourcecode.swift; path = TestUITestsLaunchTests.swift; sourceTree = "<group>"; };
		B7AC8D992B3DB4E000AAF58B /* SignupVC.swift */ = {isa = PBXFileReference; lastKnownFileType = sourcecode.swift; path = SignupVC.swift; sourceTree = "<group>"; };
		B7AC8D9B2B3DB6E200AAF58B /* Home.swift */ = {isa = PBXFileReference; lastKnownFileType = sourcecode.swift; path = Home.swift; sourceTree = "<group>"; };
		B7DAAC132B514E98006ADE50 /* PlayVC.swift */ = {isa = PBXFileReference; lastKnownFileType = sourcecode.swift; path = PlayVC.swift; sourceTree = "<group>"; };
/* End PBXFileReference section */

/* Begin PBXFrameworksBuildPhase section */
		B7AC8D612B3DAC5200AAF58B /* Frameworks */ = {
			isa = PBXFrameworksBuildPhase;
			buildActionMask = 2147483647;
			files = (
			);
			runOnlyForDeploymentPostprocessing = 0;
		};
		B7AC8D772B3DAC5300AAF58B /* Frameworks */ = {
			isa = PBXFrameworksBuildPhase;
			buildActionMask = 2147483647;
			files = (
			);
			runOnlyForDeploymentPostprocessing = 0;
		};
		B7AC8D812B3DAC5300AAF58B /* Frameworks */ = {
			isa = PBXFrameworksBuildPhase;
			buildActionMask = 2147483647;
			files = (
			);
			runOnlyForDeploymentPostprocessing = 0;
		};
/* End PBXFrameworksBuildPhase section */

/* Begin PBXGroup section */
		B7AC8D5B2B3DAC5100AAF58B = {
			isa = PBXGroup;
			children = (
				B7AC8D662B3DAC5200AAF58B /* Test */,
				B7AC8D7D2B3DAC5300AAF58B /* TestTests */,
				B7AC8D872B3DAC5300AAF58B /* TestUITests */,
				B7AC8D652B3DAC5200AAF58B /* Products */,
			);
			sourceTree = "<group>";
		};
		B7AC8D652B3DAC5200AAF58B /* Products */ = {
			isa = PBXGroup;
			children = (
				B7AC8D642B3DAC5200AAF58B /* Test.app */,
				B7AC8D7A2B3DAC5300AAF58B /* TestTests.xctest */,
				B7AC8D842B3DAC5300AAF58B /* TestUITests.xctest */,
			);
			name = Products;
			sourceTree = "<group>";
		};
		B7AC8D662B3DAC5200AAF58B /* Test */ = {
			isa = PBXGroup;
			children = (
				B71D74B42B50EE93008C1E4F /* Keejo Kesari Ke Laal.mp3 */,
				B71D74B62B50EE93008C1E4F /* Ram Siya Ram.mp3 */,
				B71D74B52B50EE93008C1E4F /* Ram.mp3 */,
				B71D74BE2B50F22A008C1E4F /* Jai Shree Ram.mp3 */,
				B7AC8D672B3DAC5200AAF58B /* AppDelegate.swift */,
				B7AC8D692B3DAC5200AAF58B /* SceneDelegate.swift */,
				B7AC8D6B2B3DAC5200AAF58B /* ViewController.swift */,
				B7AC8D6D2B3DAC5200AAF58B /* Main.storyboard */,
				B7DAAC132B514E98006ADE50 /* PlayVC.swift */,
				B71D74BA2B50EF28008C1E4F /* PlayMusicVC.swift */,
				B72DA63F2B3EE03300F085FC /* LoginVC.swift */,
				B7AC8D9B2B3DB6E200AAF58B /* Home.swift */,
				B7AC8D992B3DB4E000AAF58B /* SignupVC.swift */,
				B7AC8D702B3DAC5300AAF58B /* Assets.xcassets */,
				B7AC8D722B3DAC5300AAF58B /* LaunchScreen.storyboard */,
				B7AC8D752B3DAC5300AAF58B /* Info.plist */,
			);
			path = Test;
			sourceTree = "<group>";
		};
		B7AC8D7D2B3DAC5300AAF58B /* TestTests */ = {
			isa = PBXGroup;
			children = (
				B7AC8D7E2B3DAC5300AAF58B /* TestTests.swift */,
			);
			path = TestTests;
			sourceTree = "<group>";
		};
		B7AC8D872B3DAC5300AAF58B /* TestUITests */ = {
			isa = PBXGroup;
			children = (
				B7AC8D882B3DAC5300AAF58B /* TestUITests.swift */,
				B7AC8D8A2B3DAC5300AAF58B /* TestUITestsLaunchTests.swift */,
			);
			path = TestUITests;
			sourceTree = "<group>";
		};
/* End PBXGroup section */

/* Begin PBXNativeTarget section */
		B7AC8D632B3DAC5200AAF58B /* Test */ = {
			isa = PBXNativeTarget;
			buildConfigurationList = B7AC8D8E2B3DAC5300AAF58B /* Build configuration list for PBXNativeTarget "Test" */;
			buildPhases = (
				B7AC8D602B3DAC5200AAF58B /* Sources */,
				B7AC8D612B3DAC5200AAF58B /* Frameworks */,
				B7AC8D622B3DAC5200AAF58B /* Resources */,
			);
			buildRules = (
			);
			dependencies = (
			);
			name = Test;
			productName = Test;
			productReference = B7AC8D642B3DAC5200AAF58B /* Test.app */;
			productType = "com.apple.product-type.application";
		};
		B7AC8D792B3DAC5300AAF58B /* TestTests */ = {
			isa = PBXNativeTarget;
			buildConfigurationList = B7AC8D912B3DAC5300AAF58B /* Build configuration list for PBXNativeTarget "TestTests" */;
			buildPhases = (
				B7AC8D762B3DAC5300AAF58B /* Sources */,
				B7AC8D772B3DAC5300AAF58B /* Frameworks */,
				B7AC8D782B3DAC5300AAF58B /* Resources */,
			);
			buildRules = (
			);
			dependencies = (
				B7AC8D7C2B3DAC5300AAF58B /* PBXTargetDependency */,
			);
			name = TestTests;
			productName = TestTests;
			productReference = B7AC8D7A2B3DAC5300AAF58B /* TestTests.xctest */;
			productType = "com.apple.product-type.bundle.unit-test";
		};
		B7AC8D832B3DAC5300AAF58B /* TestUITests */ = {
			isa = PBXNativeTarget;
			buildConfigurationList = B7AC8D942B3DAC5300AAF58B /* Build configuration list for PBXNativeTarget "TestUITests" */;
			buildPhases = (
				B7AC8D802B3DAC5300AAF58B /* Sources */,
				B7AC8D812B3DAC5300AAF58B /* Frameworks */,
				B7AC8D822B3DAC5300AAF58B /* Resources */,
			);
			buildRules = (
			);
			dependencies = (
				B7AC8D862B3DAC5300AAF58B /* PBXTargetDependency */,
			);
			name = TestUITests;
			productName = TestUITests;
			productReference = B7AC8D842B3DAC5300AAF58B /* TestUITests.xctest */;
			productType = "com.apple.product-type.bundle.ui-testing";
		};
/* End PBXNativeTarget section */

/* Begin PBXProject section */
		B7AC8D5C2B3DAC5100AAF58B /* Project object */ = {
			isa = PBXProject;
			attributes = {
				BuildIndependentTargetsInParallel = 1;
				LastSwiftUpdateCheck = 1510;
				LastUpgradeCheck = 1510;
				TargetAttributes = {
					B7AC8D632B3DAC5200AAF58B = {
						CreatedOnToolsVersion = 15.1;
					};
					B7AC8D792B3DAC5300AAF58B = {
						CreatedOnToolsVersion = 15.1;
						TestTargetID = B7AC8D632B3DAC5200AAF58B;
					};
					B7AC8D832B3DAC5300AAF58B = {
						CreatedOnToolsVersion = 15.1;
						TestTargetID = B7AC8D632B3DAC5200AAF58B;
					};
				};
			};
			buildConfigurationList = B7AC8D5F2B3DAC5100AAF58B /* Build configuration list for PBXProject "Test" */;
			compatibilityVersion = "Xcode 14.0";
			developmentRegion = en;
			hasScannedForEncodings = 0;
			knownRegions = (
				en,
				Base,
			);
			mainGroup = B7AC8D5B2B3DAC5100AAF58B;
			productRefGroup = B7AC8D652B3DAC5200AAF58B /* Products */;
			projectDirPath = "";
			projectRoot = "";
			targets = (
				B7AC8D632B3DAC5200AAF58B /* Test */,
				B7AC8D792B3DAC5300AAF58B /* TestTests */,
				B7AC8D832B3DAC5300AAF58B /* TestUITests */,
			);
		};
/* End PBXProject section */

/* Begin PBXResourcesBuildPhase section */
		B7AC8D622B3DAC5200AAF58B /* Resources */ = {
			isa = PBXResourcesBuildPhase;
			buildActionMask = 2147483647;
			files = (
				B71D74B92B50EE94008C1E4F /* Ram Siya Ram.mp3 in Resources */,
				B71D74B82B50EE94008C1E4F /* Ram.mp3 in Resources */,
				B71D74BF2B50F22A008C1E4F /* Jai Shree Ram.mp3 in Resources */,
				B7AC8D742B3DAC5300AAF58B /* LaunchScreen.storyboard in Resources */,
				B71D74B72B50EE94008C1E4F /* Keejo Kesari Ke Laal.mp3 in Resources */,
				B7AC8D712B3DAC5300AAF58B /* Assets.xcassets in Resources */,
				B7AC8D6F2B3DAC5200AAF58B /* Main.storyboard in Resources */,
			);
			runOnlyForDeploymentPostprocessing = 0;
		};
		B7AC8D782B3DAC5300AAF58B /* Resources */ = {
			isa = PBXResourcesBuildPhase;
			buildActionMask = 2147483647;
			files = (
			);
			runOnlyForDeploymentPostprocessing = 0;
		};
		B7AC8D822B3DAC5300AAF58B /* Resources */ = {
			isa = PBXResourcesBuildPhase;
			buildActionMask = 2147483647;
			files = (
			);
			runOnlyForDeploymentPostprocessing = 0;
		};
/* End PBXResourcesBuildPhase section */

/* Begin PBXSourcesBuildPhase section */
		B7AC8D602B3DAC5200AAF58B /* Sources */ = {
			isa = PBXSourcesBuildPhase;
			buildActionMask = 2147483647;
			files = (
				B7AC8D6C2B3DAC5200AAF58B /* ViewController.swift in Sources */,
				B7AC8D9A2B3DB4E000AAF58B /* SignupVC.swift in Sources */,
				B72DA6402B3EE03300F085FC /* LoginVC.swift in Sources */,
				B7AC8D682B3DAC5200AAF58B /* AppDelegate.swift in Sources */,
				B7AC8D9C2B3DB6E200AAF58B /* Home.swift in Sources */,
				B7AC8D6A2B3DAC5200AAF58B /* SceneDelegate.swift in Sources */,
				B7DAAC142B514E98006ADE50 /* PlayVC.swift in Sources */,
				B71D74BB2B50EF28008C1E4F /* PlayMusicVC.swift in Sources */,
			);
			runOnlyForDeploymentPostprocessing = 0;
		};
		B7AC8D762B3DAC5300AAF58B /* Sources */ = {
			isa = PBXSourcesBuildPhase;
			buildActionMask = 2147483647;
			files = (
				B7AC8D7F2B3DAC5300AAF58B /* TestTests.swift in Sources */,
			);
			runOnlyForDeploymentPostprocessing = 0;
		};
		B7AC8D802B3DAC5300AAF58B /* Sources */ = {
			isa = PBXSourcesBuildPhase;
			buildActionMask = 2147483647;
			files = (
				B7AC8D8B2B3DAC5300AAF58B /* TestUITestsLaunchTests.swift in Sources */,
				B7AC8D892B3DAC5300AAF58B /* TestUITests.swift in Sources */,
			);
			runOnlyForDeploymentPostprocessing = 0;
		};
/* End PBXSourcesBuildPhase section */

/* Begin PBXTargetDependency section */
		B7AC8D7C2B3DAC5300AAF58B /* PBXTargetDependency */ = {
			isa = PBXTargetDependency;
			target = B7AC8D632B3DAC5200AAF58B /* Test */;
			targetProxy = B7AC8D7B2B3DAC5300AAF58B /* PBXContainerItemProxy */;
		};
		B7AC8D862B3DAC5300AAF58B /* PBXTargetDependency */ = {
			isa = PBXTargetDependency;
			target = B7AC8D632B3DAC5200AAF58B /* Test */;
			targetProxy = B7AC8D852B3DAC5300AAF58B /* PBXContainerItemProxy */;
		};
/* End PBXTargetDependency section */

/* Begin PBXVariantGroup section */
		B7AC8D6D2B3DAC5200AAF58B /* Main.storyboard */ = {
			isa = PBXVariantGroup;
			children = (
				B7AC8D6E2B3DAC5200AAF58B /* Base */,
			);
			name = Main.storyboard;
			sourceTree = "<group>";
		};
		B7AC8D722B3DAC5300AAF58B /* LaunchScreen.storyboard */ = {
			isa = PBXVariantGroup;
			children = (
				B7AC8D732B3DAC5300AAF58B /* Base */,
			);
			name = LaunchScreen.storyboard;
			sourceTree = "<group>";
		};
/* End PBXVariantGroup section */

/* Begin XCBuildConfiguration section */
		B7AC8D8C2B3DAC5300AAF58B /* Debug */ = {
			isa = XCBuildConfiguration;
			buildSettings = {
				ALWAYS_SEARCH_USER_PATHS = NO;
				ASSETCATALOG_COMPILER_GENERATE_SWIFT_ASSET_SYMBOL_EXTENSIONS = YES;
				CLANG_ANALYZER_NONNULL = YES;
				CLANG_ANALYZER_NUMBER_OBJECT_CONVERSION = YES_AGGRESSIVE;
				CLANG_CXX_LANGUAGE_STANDARD = "gnu++20";
				CLANG_ENABLE_MODULES = YES;
				CLANG_ENABLE_OBJC_ARC = YES;
				CLANG_ENABLE_OBJC_WEAK = YES;
				CLANG_WARN_BLOCK_CAPTURE_AUTORELEASING = YES;
				CLANG_WARN_BOOL_CONVERSION = YES;
				CLANG_WARN_COMMA = YES;
				CLANG_WARN_CONSTANT_CONVERSION = YES;
				CLANG_WARN_DEPRECATED_OBJC_IMPLEMENTATIONS = YES;
				CLANG_WARN_DIRECT_OBJC_ISA_USAGE = YES_ERROR;
				CLANG_WARN_DOCUMENTATION_COMMENTS = YES;
				CLANG_WARN_EMPTY_BODY = YES;
				CLANG_WARN_ENUM_CONVERSION = YES;
				CLANG_WARN_INFINITE_RECURSION = YES;
				CLANG_WARN_INT_CONVERSION = YES;
				CLANG_WARN_NON_LITERAL_NULL_CONVERSION = YES;
				CLANG_WARN_OBJC_IMPLICIT_RETAIN_SELF = YES;
				CLANG_WARN_OBJC_LITERAL_CONVERSION = YES;
				CLANG_WARN_OBJC_ROOT_CLASS = YES_ERROR;
				CLANG_WARN_QUOTED_INCLUDE_IN_FRAMEWORK_HEADER = YES;
				CLANG_WARN_RANGE_LOOP_ANALYSIS = YES;
				CLANG_WARN_STRICT_PROTOTYPES = YES;
				CLANG_WARN_SUSPICIOUS_MOVE = YES;
				CLANG_WARN_UNGUARDED_AVAILABILITY = YES_AGGRESSIVE;
				CLANG_WARN_UNREACHABLE_CODE = YES;
				CLANG_WARN__DUPLICATE_METHOD_MATCH = YES;
				COPY_PHASE_STRIP = NO;
				DEBUG_INFORMATION_FORMAT = dwarf;
				ENABLE_STRICT_OBJC_MSGSEND = YES;
				ENABLE_TESTABILITY = YES;
				ENABLE_USER_SCRIPT_SANDBOXING = YES;
				GCC_C_LANGUAGE_STANDARD = gnu17;
				GCC_DYNAMIC_NO_PIC = NO;
				GCC_NO_COMMON_BLOCKS = YES;
				GCC_OPTIMIZATION_LEVEL = 0;
				GCC_PREPROCESSOR_DEFINITIONS = (
					"DEBUG=1",
					"$(inherited)",
				);
				GCC_WARN_64_TO_32_BIT_CONVERSION = YES;
				GCC_WARN_ABOUT_RETURN_TYPE = YES_ERROR;
				GCC_WARN_UNDECLARED_SELECTOR = YES;
				GCC_WARN_UNINITIALIZED_AUTOS = YES_AGGRESSIVE;
				GCC_WARN_UNUSED_FUNCTION = YES;
				GCC_WARN_UNUSED_VARIABLE = YES;
				IPHONEOS_DEPLOYMENT_TARGET = 17.2;
				LOCALIZATION_PREFERS_STRING_CATALOGS = YES;
				MTL_ENABLE_DEBUG_INFO = INCLUDE_SOURCE;
				MTL_FAST_MATH = YES;
				ONLY_ACTIVE_ARCH = YES;
				SDKROOT = iphoneos;
				SWIFT_ACTIVE_COMPILATION_CONDITIONS = "DEBUG $(inherited)";
				SWIFT_OPTIMIZATION_LEVEL = "-Onone";
			};
			name = Debug;
		};
		B7AC8D8D2B3DAC5300AAF58B /* Release */ = {
			isa = XCBuildConfiguration;
			buildSettings = {
				ALWAYS_SEARCH_USER_PATHS = NO;
				ASSETCATALOG_COMPILER_GENERATE_SWIFT_ASSET_SYMBOL_EXTENSIONS = YES;
				CLANG_ANALYZER_NONNULL = YES;
				CLANG_ANALYZER_NUMBER_OBJECT_CONVERSION = YES_AGGRESSIVE;
				CLANG_CXX_LANGUAGE_STANDARD = "gnu++20";
				CLANG_ENABLE_MODULES = YES;
				CLANG_ENABLE_OBJC_ARC = YES;
				CLANG_ENABLE_OBJC_WEAK = YES;
				CLANG_WARN_BLOCK_CAPTURE_AUTORELEASING = YES;
				CLANG_WARN_BOOL_CONVERSION = YES;
				CLANG_WARN_COMMA = YES;
				CLANG_WARN_CONSTANT_CONVERSION = YES;
				CLANG_WARN_DEPRECATED_OBJC_IMPLEMENTATIONS = YES;
				CLANG_WARN_DIRECT_OBJC_ISA_USAGE = YES_ERROR;
				CLANG_WARN_DOCUMENTATION_COMMENTS = YES;
				CLANG_WARN_EMPTY_BODY = YES;
				CLANG_WARN_ENUM_CONVERSION = YES;
				CLANG_WARN_INFINITE_RECURSION = YES;
				CLANG_WARN_INT_CONVERSION = YES;
				CLANG_WARN_NON_LITERAL_NULL_CONVERSION = YES;
				CLANG_WARN_OBJC_IMPLICIT_RETAIN_SELF = YES;
				CLANG_WARN_OBJC_LITERAL_CONVERSION = YES;
				CLANG_WARN_OBJC_ROOT_CLASS = YES_ERROR;
				CLANG_WARN_QUOTED_INCLUDE_IN_FRAMEWORK_HEADER = YES;
				CLANG_WARN_RANGE_LOOP_ANALYSIS = YES;
				CLANG_WARN_STRICT_PROTOTYPES = YES;
				CLANG_WARN_SUSPICIOUS_MOVE = YES;
				CLANG_WARN_UNGUARDED_AVAILABILITY = YES_AGGRESSIVE;
				CLANG_WARN_UNREACHABLE_CODE = YES;
				CLANG_WARN__DUPLICATE_METHOD_MATCH = YES;
				COPY_PHASE_STRIP = NO;
				DEBUG_INFORMATION_FORMAT = "dwarf-with-dsym";
				ENABLE_NS_ASSERTIONS = NO;
				ENABLE_STRICT_OBJC_MSGSEND = YES;
				ENABLE_USER_SCRIPT_SANDBOXING = YES;
				GCC_C_LANGUAGE_STANDARD = gnu17;
				GCC_NO_COMMON_BLOCKS = YES;
				GCC_WARN_64_TO_32_BIT_CONVERSION = YES;
				GCC_WARN_ABOUT_RETURN_TYPE = YES_ERROR;
				GCC_WARN_UNDECLARED_SELECTOR = YES;
				GCC_WARN_UNINITIALIZED_AUTOS = YES_AGGRESSIVE;
				GCC_WARN_UNUSED_FUNCTION = YES;
				GCC_WARN_UNUSED_VARIABLE = YES;
				IPHONEOS_DEPLOYMENT_TARGET = 17.2;
				LOCALIZATION_PREFERS_STRING_CATALOGS = YES;
				MTL_ENABLE_DEBUG_INFO = NO;
				MTL_FAST_MATH = YES;
				SDKROOT = iphoneos;
				SWIFT_COMPILATION_MODE = wholemodule;
				VALIDATE_PRODUCT = YES;
			};
			name = Release;
		};
		B7AC8D8F2B3DAC5300AAF58B /* Debug */ = {
			isa = XCBuildConfiguration;
			buildSettings = {
				ASSETCATALOG_COMPILER_APPICON_NAME = AppIcon;
				ASSETCATALOG_COMPILER_GLOBAL_ACCENT_COLOR_NAME = AccentColor;
				CODE_SIGN_STYLE = Automatic;
				CURRENT_PROJECT_VERSION = 1;
				GENERATE_INFOPLIST_FILE = YES;
				INFOPLIST_FILE = Test/Info.plist;
				INFOPLIST_KEY_UIApplicationSupportsIndirectInputEvents = YES;
				INFOPLIST_KEY_UILaunchStoryboardName = LaunchScreen;
				INFOPLIST_KEY_UIMainStoryboardFile = Main;
				INFOPLIST_KEY_UISupportedInterfaceOrientations_iPad = "UIInterfaceOrientationPortrait UIInterfaceOrientationPortraitUpsideDown UIInterfaceOrientationLandscapeLeft UIInterfaceOrientationLandscapeRight";
				INFOPLIST_KEY_UISupportedInterfaceOrientations_iPhone = "UIInterfaceOrientationPortrait UIInterfaceOrientationLandscapeLeft UIInterfaceOrientationLandscapeRight";
				LD_RUNPATH_SEARCH_PATHS = (
					"$(inherited)",
					"@executable_path/Frameworks",
				);
				MARKETING_VERSION = 1.0;
				PRODUCT_BUNDLE_IDENTIFIER = Swift.Test;
				PRODUCT_NAME = "$(TARGET_NAME)";
				SWIFT_EMIT_LOC_STRINGS = YES;
				SWIFT_VERSION = 5.0;
				TARGETED_DEVICE_FAMILY = "1,2";
			};
			name = Debug;
		};
		B7AC8D902B3DAC5300AAF58B /* Release */ = {
			isa = XCBuildConfiguration;
			buildSettings = {
				ASSETCATALOG_COMPILER_APPICON_NAME = AppIcon;
				ASSETCATALOG_COMPILER_GLOBAL_ACCENT_COLOR_NAME = AccentColor;
				CODE_SIGN_STYLE = Automatic;
				CURRENT_PROJECT_VERSION = 1;
				GENERATE_INFOPLIST_FILE = YES;
				INFOPLIST_FILE = Test/Info.plist;
				INFOPLIST_KEY_UIApplicationSupportsIndirectInputEvents = YES;
				INFOPLIST_KEY_UILaunchStoryboardName = LaunchScreen;
				INFOPLIST_KEY_UIMainStoryboardFile = Main;
				INFOPLIST_KEY_UISupportedInterfaceOrientations_iPad = "UIInterfaceOrientationPortrait UIInterfaceOrientationPortraitUpsideDown UIInterfaceOrientationLandscapeLeft UIInterfaceOrientationLandscapeRight";
				INFOPLIST_KEY_UISupportedInterfaceOrientations_iPhone = "UIInterfaceOrientationPortrait UIInterfaceOrientationLandscapeLeft UIInterfaceOrientationLandscapeRight";
				LD_RUNPATH_SEARCH_PATHS = (
					"$(inherited)",
					"@executable_path/Frameworks",
				);
				MARKETING_VERSION = 1.0;
				PRODUCT_BUNDLE_IDENTIFIER = Swift.Test;
				PRODUCT_NAME = "$(TARGET_NAME)";
				SWIFT_EMIT_LOC_STRINGS = YES;
				SWIFT_VERSION = 5.0;
				TARGETED_DEVICE_FAMILY = "1,2";
			};
			name = Release;
		};
		B7AC8D922B3DAC5300AAF58B /* Debug */ = {
			isa = XCBuildConfiguration;
			buildSettings = {
				ALWAYS_EMBED_SWIFT_STANDARD_LIBRARIES = YES;
				BUNDLE_LOADER = "$(TEST_HOST)";
				CODE_SIGN_STYLE = Automatic;
				CURRENT_PROJECT_VERSION = 1;
				GENERATE_INFOPLIST_FILE = YES;
				IPHONEOS_DEPLOYMENT_TARGET = 17.2;
				MARKETING_VERSION = 1.0;
				PRODUCT_BUNDLE_IDENTIFIER = Swift.TestTests;
				PRODUCT_NAME = "$(TARGET_NAME)";
				SWIFT_EMIT_LOC_STRINGS = NO;
				SWIFT_VERSION = 5.0;
				TARGETED_DEVICE_FAMILY = "1,2";
				TEST_HOST = "$(BUILT_PRODUCTS_DIR)/Test.app/$(BUNDLE_EXECUTABLE_FOLDER_PATH)/Test";
			};
			name = Debug;
		};
		B7AC8D932B3DAC5300AAF58B /* Release */ = {
			isa = XCBuildConfiguration;
			buildSettings = {
				ALWAYS_EMBED_SWIFT_STANDARD_LIBRARIES = YES;
				BUNDLE_LOADER = "$(TEST_HOST)";
				CODE_SIGN_STYLE = Automatic;
				CURRENT_PROJECT_VERSION = 1;
				GENERATE_INFOPLIST_FILE = YES;
				IPHONEOS_DEPLOYMENT_TARGET = 17.2;
				MARKETING_VERSION = 1.0;
				PRODUCT_BUNDLE_IDENTIFIER = Swift.TestTests;
				PRODUCT_NAME = "$(TARGET_NAME)";
				SWIFT_EMIT_LOC_STRINGS = NO;
				SWIFT_VERSION = 5.0;
				TARGETED_DEVICE_FAMILY = "1,2";
				TEST_HOST = "$(BUILT_PRODUCTS_DIR)/Test.app/$(BUNDLE_EXECUTABLE_FOLDER_PATH)/Test";
			};
			name = Release;
		};
		B7AC8D952B3DAC5300AAF58B /* Debug */ = {
			isa = XCBuildConfiguration;
			buildSettings = {
				ALWAYS_EMBED_SWIFT_STANDARD_LIBRARIES = YES;
				CODE_SIGN_STYLE = Automatic;
				CURRENT_PROJECT_VERSION = 1;
				GENERATE_INFOPLIST_FILE = YES;
				MARKETING_VERSION = 1.0;
				PRODUCT_BUNDLE_IDENTIFIER = Swift.TestUITests;
				PRODUCT_NAME = "$(TARGET_NAME)";
				SWIFT_EMIT_LOC_STRINGS = NO;
				SWIFT_VERSION = 5.0;
				TARGETED_DEVICE_FAMILY = "1,2";
				TEST_TARGET_NAME = Test;
			};
			name = Debug;
		};
		B7AC8D962B3DAC5300AAF58B /* Release */ = {
			isa = XCBuildConfiguration;
			buildSettings = {
				ALWAYS_EMBED_SWIFT_STANDARD_LIBRARIES = YES;
				CODE_SIGN_STYLE = Automatic;
				CURRENT_PROJECT_VERSION = 1;
				GENERATE_INFOPLIST_FILE = YES;
				MARKETING_VERSION = 1.0;
				PRODUCT_BUNDLE_IDENTIFIER = Swift.TestUITests;
				PRODUCT_NAME = "$(TARGET_NAME)";
				SWIFT_EMIT_LOC_STRINGS = NO;
				SWIFT_VERSION = 5.0;
				TARGETED_DEVICE_FAMILY = "1,2";
				TEST_TARGET_NAME = Test;
			};
			name = Release;
		};
/* End XCBuildConfiguration section */

/* Begin XCConfigurationList section */
		B7AC8D5F2B3DAC5100AAF58B /* Build configuration list for PBXProject "Test" */ = {
			isa = XCConfigurationList;
			buildConfigurations = (
				B7AC8D8C2B3DAC5300AAF58B /* Debug */,
				B7AC8D8D2B3DAC5300AAF58B /* Release */,
			);
			defaultConfigurationIsVisible = 0;
			defaultConfigurationName = Release;
		};
		B7AC8D8E2B3DAC5300AAF58B /* Build configuration list for PBXNativeTarget "Test" */ = {
			isa = XCConfigurationList;
			buildConfigurations = (
				B7AC8D8F2B3DAC5300AAF58B /* Debug */,
				B7AC8D902B3DAC5300AAF58B /* Release */,
			);
			defaultConfigurationIsVisible = 0;
			defaultConfigurationName = Release;
		};
		B7AC8D912B3DAC5300AAF58B /* Build configuration list for PBXNativeTarget "TestTests" */ = {
			isa = XCConfigurationList;
			buildConfigurations = (
				B7AC8D922B3DAC5300AAF58B /* Debug */,
				B7AC8D932B3DAC5300AAF58B /* Release */,
			);
			defaultConfigurationIsVisible = 0;
			defaultConfigurationName = Release;
		};
		B7AC8D942B3DAC5300AAF58B /* Build configuration list for PBXNativeTarget "TestUITests" */ = {
			isa = XCConfigurationList;
			buildConfigurations = (
				B7AC8D952B3DAC5300AAF58B /* Debug */,
				B7AC8D962B3DAC5300AAF58B /* Release */,
			);
			defaultConfigurationIsVisible = 0;
			defaultConfigurationName = Release;
		};
/* End XCConfigurationList section */
	};
	rootObject = B7AC8D5C2B3DAC5100AAF58B /* Project object */;
}
